
Microsoft Visual Studio Solution File, Format Version 12.00
# Visual Studio 15
VisualStudioVersion = 15.0.26730.16
MinimumVisualStudioVersion = 10.0.40219.1
Project("{9A19103F-16F7-4668-BE54-9A1E7A4F7556}") = "Restful API Assignment", "Restful API Assignment\Restful API Assignment.csproj", "{16AF1568-B4BE-4BFC-88C7-823E63BD632F}"
EndProject
Project("{00D1A9C2-B5F0-4AF3-8072-F6C62B433612}") = "RestAPIDatabase", "RestAPIDatabase\RestAPIDatabase.sqlproj", "{D5E03B7E-8E55-4EFE-9A3D-6594896CC6FC}"
EndProject
Global
	GlobalSection(SolutionConfigurationPlatforms) = preSolution
		Debug|Any CPU = Debug|Any CPU
		Release|Any CPU = Release|Any CPU
	EndGlobalSection
	GlobalSection(ProjectConfigurationPlatforms) = postSolution
		{16AF1568-B4BE-4BFC-88C7-823E63BD632F}.Debug|Any CPU.ActiveCfg = Debug|Any CPU
		{16AF1568-B4BE-4BFC-88C7-823E63BD632F}.Debug|Any CPU.Build.0 = Debug|Any CPU
		{16AF1568-B4BE-4BFC-88C7-823E63BD632F}.Release|Any CPU.ActiveCfg = Release|Any CPU
		{16AF1568-B4BE-4BFC-88C7-823E63BD632F}.Release|Any CPU.Build.0 = Release|Any CPU
		{D5E03B7E-8E55-4EFE-9A3D-6594896CC6FC}.Debug|Any CPU.ActiveCfg = Debug|Any CPU
		{D5E03B7E-8E55-4EFE-9A3D-6594896CC6FC}.Debug|Any CPU.Build.0 = Debug|Any CPU
		{D5E03B7E-8E55-4EFE-9A3D-6594896CC6FC}.Debug|Any CPU.Deploy.0 = Debug|Any CPU
		{D5E03B7E-8E55-4EFE-9A3D-6594896CC6FC}.Release|Any CPU.ActiveCfg = Release|Any CPU
		{D5E03B7E-8E55-4EFE-9A3D-6594896CC6FC}.Release|Any CPU.Build.0 = Release|Any CPU
		{D5E03B7E-8E55-4EFE-9A3D-6594896CC6FC}.Release|Any CPU.Deploy.0 = Release|Any CPU
	EndGlobalSection
	GlobalSection(SolutionProperties) = preSolution
		HideSolutionNode = FALSE
	EndGlobalSection
	GlobalSection(ExtensibilityGlobals) = postSolution
		SolutionGuid = {96B71205-88C0-4BA8-B4BD-464F13F8592F}
	EndGlobalSection
EndGlobal
